// !$*UTF8*$!
{
	archiveVersion = 1;
	classes = {
	};
	objectVersion = 56;
	objects = {

/* Begin PBXBuildFile section */
		06FFB94A29D72DDB00699302 /* AppDelegate.swift in Sources */ = {isa = PBXBuildFile; fileRef = 06FFB94929D72DDB00699302 /* AppDelegate.swift */; };
		06FFB94C29D72DDB00699302 /* SceneDelegate.swift in Sources */ = {isa = PBXBuildFile; fileRef = 06FFB94B29D72DDB00699302 /* SceneDelegate.swift */; };
		06FFB94E29D72DDB00699302 /* ViewController.swift in Sources */ = {isa = PBXBuildFile; fileRef = 06FFB94D29D72DDB00699302 /* ViewController.swift */; };
		06FFB95329D72DDD00699302 /* Assets.xcassets in Resources */ = {isa = PBXBuildFile; fileRef = 06FFB95229D72DDD00699302 /* Assets.xcassets */; };
		06FFB95629D72DDD00699302 /* LaunchScreen.storyboard in Resources */ = {isa = PBXBuildFile; fileRef = 06FFB95429D72DDD00699302 /* LaunchScreen.storyboard */; };
		06FFB96029D735C000699302 /* SnapKit in Frameworks */ = {isa = PBXBuildFile; productRef = 06FFB95F29D735C000699302 /* SnapKit */; };
		06FFB96229D7368500699302 /* CollectionViewCell.swift in Sources */ = {isa = PBXBuildFile; fileRef = 06FFB96129D7368500699302 /* CollectionViewCell.swift */; };
		06FFB96429D752B800699302 /* Layout.swift in Sources */ = {isa = PBXBuildFile; fileRef = 06FFB96329D752B800699302 /* Layout.swift */; };
/* End PBXBuildFile section */

/* Begin PBXFileReference section */
		06FFB94629D72DDB00699302 /* PhotoFeed.app */ = {isa = PBXFileReference; explicitFileType = wrapper.application; includeInIndex = 0; path = PhotoFeed.app; sourceTree = BUILT_PRODUCTS_DIR; };
		06FFB94929D72DDB00699302 /* AppDelegate.swift */ = {isa = PBXFileReference; lastKnownFileType = sourcecode.swift; path = AppDelegate.swift; sourceTree = "<group>"; };
		06FFB94B29D72DDB00699302 /* SceneDelegate.swift */ = {isa = PBXFileReference; lastKnownFileType = sourcecode.swift; path = SceneDelegate.swift; sourceTree = "<group>"; };
		06FFB94D29D72DDB00699302 /* ViewController.swift */ = {isa = PBXFileReference; lastKnownFileType = sourcecode.swift; path = ViewController.swift; sourceTree = "<group>"; };
		06FFB95229D72DDD00699302 /* Assets.xcassets */ = {isa = PBXFileReference; lastKnownFileType = folder.assetcatalog; path = Assets.xcassets; sourceTree = "<group>"; };
		06FFB95529D72DDD00699302 /* Base */ = {isa = PBXFileReference; lastKnownFileType = file.storyboard; name = Base; path = Base.lproj/LaunchScreen.storyboard; sourceTree = "<group>"; };
		06FFB95729D72DDD00699302 /* Info.plist */ = {isa = PBXFileReference; lastKnownFileType = text.plist.xml; path = Info.plist; sourceTree = "<group>"; };
		06FFB96129D7368500699302 /* CollectionViewCell.swift */ = {isa = PBXFileReference; lastKnownFileType = sourcecode.swift; path = CollectionViewCell.swift; sourceTree = "<group>"; };
		06FFB96329D752B800699302 /* Layout.swift */ = {isa = PBXFileReference; lastKnownFileType = sourcecode.swift; path = Layout.swift; sourceTree = "<group>"; };
/* End PBXFileReference section */

/* Begin PBXFrameworksBuildPhase section */
		06FFB94329D72DDB00699302 /* Frameworks */ = {
			isa = PBXFrameworksBuildPhase;
			buildActionMask = 2147483647;
			files = (
				06FFB96029D735C000699302 /* SnapKit in Frameworks */,
			);
			runOnlyForDeploymentPostprocessing = 0;
		};
/* End PBXFrameworksBuildPhase section */

/* Begin PBXGroup section */
		061E433B29D8859900451D0F /* SupportingFiles */ = {
			isa = PBXGroup;
			children = (
				06FFB95229D72DDD00699302 /* Assets.xcassets */,
				06FFB95429D72DDD00699302 /* LaunchScreen.storyboard */,
				06FFB95729D72DDD00699302 /* Info.plist */,
			);
			path = SupportingFiles;
			sourceTree = "<group>";
		};
		061E433C29D8871D00451D0F /* Views */ = {
			isa = PBXGroup;
			children = (
				06FFB96129D7368500699302 /* CollectionViewCell.swift */,
				06FFB96329D752B800699302 /* Layout.swift */,
			);
			path = Views;
			sourceTree = "<group>";
		};
		06FFB93D29D72DDB00699302 = {
			isa = PBXGroup;
			children = (
				06FFB94829D72DDB00699302 /* PhotoFeed */,
				06FFB94729D72DDB00699302 /* Products */,
			);
			sourceTree = "<group>";
		};
		06FFB94729D72DDB00699302 /* Products */ = {
			isa = PBXGroup;
			children = (
				06FFB94629D72DDB00699302 /* PhotoFeed.app */,
			);
			name = Products;
			sourceTree = "<group>";
		};
		06FFB94829D72DDB00699302 /* PhotoFeed */ = {
			isa = PBXGroup;
			children = (
				06FFB95D29D72E1F00699302 /* Application */,
				06FFB94D29D72DDB00699302 /* ViewController.swift */,
				061E433C29D8871D00451D0F /* Views */,
				061E433B29D8859900451D0F /* SupportingFiles */,
			);
			path = PhotoFeed;
			sourceTree = "<group>";
		};
		06FFB95D29D72E1F00699302 /* Application */ = {
			isa = PBXGroup;
			children = (
				06FFB94929D72DDB00699302 /* AppDelegate.swift */,
				06FFB94B29D72DDB00699302 /* SceneDelegate.swift */,
			);
			path = Application;
			sourceTree = "<group>";
		};
/* End PBXGroup section */

/* Begin PBXNativeTarget section */
		06FFB94529D72DDB00699302 /* PhotoFeed */ = {
			isa = PBXNativeTarget;
			buildConfigurationList = 06FFB95A29D72DDD00699302 /* Build configuration list for PBXNativeTarget "PhotoFeed" */;
			buildPhases = (
				06FFB94229D72DDB00699302 /* Sources */,
				06FFB94329D72DDB00699302 /* Frameworks */,
				06FFB94429D72DDB00699302 /* Resources */,
			);
			buildRules = (
			);
			dependencies = (
			);
			name = PhotoFeed;
			packageProductDependencies = (
				06FFB95F29D735C000699302 /* SnapKit */,
			);
			productName = PhotoFeed;
			productReference = 06FFB94629D72DDB00699302 /* PhotoFeed.app */;
			productType = "com.apple.product-type.application";
		};
/* End PBXNativeTarget section */

/* Begin PBXProject section */
		06FFB93E29D72DDB00699302 /* Project object */ = {
			isa = PBXProject;
			attributes = {
				BuildIndependentTargetsInParallel = 1;
				LastSwiftUpdateCheck = 1420;
				LastUpgradeCheck = 1420;
				TargetAttributes = {
					06FFB94529D72DDB00699302 = {
						CreatedOnToolsVersion = 14.2;
					};
				};
			};
			buildConfigurationList = 06FFB94129D72DDB00699302 /* Build configuration list for PBXProject "PhotoFeed" */;
			compatibilityVersion = "Xcode 14.0";
			developmentRegion = en;
			hasScannedForEncodings = 0;
			knownRegions = (
				en,
				Base,
			);
			mainGroup = 06FFB93D29D72DDB00699302;
			packageReferences = (
				06FFB95E29D735C000699302 /* XCRemoteSwiftPackageReference "SnapKit" */,
			);
			productRefGroup = 06FFB94729D72DDB00699302 /* Products */;
			projectDirPath = "";
			projectRoot = "";
			targets = (
				06FFB94529D72DDB00699302 /* PhotoFeed */,
			);
		};
/* End PBXProject section */

/* Begin PBXResourcesBuildPhase section */
		06FFB94429D72DDB00699302 /* Resources */ = {
			isa = PBXResourcesBuildPhase;
			buildActionMask = 2147483647;
			files = (
				06FFB95629D72DDD00699302 /* LaunchScreen.storyboard in Resources */,
				06FFB95329D72DDD00699302 /* Assets.xcassets in Resources */,
			);
			runOnlyForDeploymentPostprocessing = 0;
		};
/* End PBXResourcesBuildPhase section */

/* Begin PBXSourcesBuildPhase section */
		06FFB94229D72DDB00699302 /* Sources */ = {
			isa = PBXSourcesBuildPhase;
			buildActionMask = 2147483647;
			files = (
				06FFB96429D752B800699302 /* Layout.swift in Sources */,
				06FFB94E29D72DDB00699302 /* ViewController.swift in Sources */,
				06FFB94A29D72DDB00699302 /* AppDelegate.swift in Sources */,
				06FFB96229D7368500699302 /* CollectionViewCell.swift in Sources */,
				06FFB94C29D72DDB00699302 /* SceneDelegate.swift in Sources */,
			);
			runOnlyForDeploymentPostprocessing = 0;
		};
/* End PBXSourcesBuildPhase section */

/* Begin PBXVariantGroup section */
		06FFB95429D72DDD00699302 /* LaunchScreen.storyboard */ = {
			isa = PBXVariantGroup;
			children = (
				06FFB95529D72DDD00699302 /* Base */,
			);
			name = LaunchScreen.storyboard;
			sourceTree = "<group>";
		};
/* End PBXVariantGroup section */

/* Begin XCBuildConfiguration section */
		06FFB95829D72DDD00699302 /* Debug */ = {
			isa = XCBuildConfiguration;
			buildSettings = {
				ALWAYS_SEARCH_USER_PATHS = NO;
				CLANG_ANALYZER_NONNULL = YES;
				CLANG_ANALYZER_NUMBER_OBJECT_CONVERSION = YES_AGGRESSIVE;
				CLANG_CXX_LANGUAGE_STANDARD = "gnu++20";
				CLANG_ENABLE_MODULES = YES;
				CLANG_ENABLE_OBJC_ARC = YES;
				CLANG_ENABLE_OBJC_WEAK = YES;
				CLANG_WARN_BLOCK_CAPTURE_AUTORELEASING = YES;
				CLANG_WARN_BOOL_CONVERSION = YES;
				CLANG_WARN_COMMA = YES;
				CLANG_WARN_CONSTANT_CONVERSION = YES;
				CLANG_WARN_DEPRECATED_OBJC_IMPLEMENTATIONS = YES;
				CLANG_WARN_DIRECT_OBJC_ISA_USAGE = YES_ERROR;
				CLANG_WARN_DOCUMENTATION_COMMENTS = YES;
				CLANG_WARN_EMPTY_BODY = YES;
				CLANG_WARN_ENUM_CONVERSION = YES;
				CLANG_WARN_INFINITE_RECURSION = YES;
				CLANG_WARN_INT_CONVERSION = YES;
				CLANG_WARN_NON_LITERAL_NULL_CONVERSION = YES;
				CLANG_WARN_OBJC_IMPLICIT_RETAIN_SELF = YES;
				CLANG_WARN_OBJC_LITERAL_CONVERSION = YES;
				CLANG_WARN_OBJC_ROOT_CLASS = YES_ERROR;
				CLANG_WARN_QUOTED_INCLUDE_IN_FRAMEWORK_HEADER = YES;
				CLANG_WARN_RANGE_LOOP_ANALYSIS = YES;
				CLANG_WARN_STRICT_PROTOTYPES = YES;
				CLANG_WARN_SUSPICIOUS_MOVE = YES;
				CLANG_WARN_UNGUARDED_AVAILABILITY = YES_AGGRESSIVE;
				CLANG_WARN_UNREACHABLE_CODE = YES;
				CLANG_WARN__DUPLICATE_METHOD_MATCH = YES;
				COPY_PHASE_STRIP = NO;
				DEBUG_INFORMATION_FORMAT = dwarf;
				ENABLE_STRICT_OBJC_MSGSEND = YES;
				ENABLE_TESTABILITY = YES;
				GCC_C_LANGUAGE_STANDARD = gnu11;
				GCC_DYNAMIC_NO_PIC = NO;
				GCC_NO_COMMON_BLOCKS = YES;
				GCC_OPTIMIZATION_LEVEL = 0;
				GCC_PREPROCESSOR_DEFINITIONS = (
					"DEBUG=1",
					"$(inherited)",
				);
				GCC_WARN_64_TO_32_BIT_CONVERSION = YES;
				GCC_WARN_ABOUT_RETURN_TYPE = YES_ERROR;
				GCC_WARN_UNDECLARED_SELECTOR = YES;
				GCC_WARN_UNINITIALIZED_AUTOS = YES_AGGRESSIVE;
				GCC_WARN_UNUSED_FUNCTION = YES;
				GCC_WARN_UNUSED_VARIABLE = YES;
				IPHONEOS_DEPLOYMENT_TARGET = 16.2;
				MTL_ENABLE_DEBUG_INFO = INCLUDE_SOURCE;
				MTL_FAST_MATH = YES;
				ONLY_ACTIVE_ARCH = YES;
				SDKROOT = iphoneos;
				SWIFT_ACTIVE_COMPILATION_CONDITIONS = DEBUG;
				SWIFT_OPTIMIZATION_LEVEL = "-Onone";
			};
			name = Debug;
		};
		06FFB95929D72DDD00699302 /* Release */ = {
			isa = XCBuildConfiguration;
			buildSettings = {
				ALWAYS_SEARCH_USER_PATHS = NO;
				CLANG_ANALYZER_NONNULL = YES;
				CLANG_ANALYZER_NUMBER_OBJECT_CONVERSION = YES_AGGRESSIVE;
				CLANG_CXX_LANGUAGE_STANDARD = "gnu++20";
				CLANG_ENABLE_MODULES = YES;
				CLANG_ENABLE_OBJC_ARC = YES;
				CLANG_ENABLE_OBJC_WEAK = YES;
				CLANG_WARN_BLOCK_CAPTURE_AUTORELEASING = YES;
				CLANG_WARN_BOOL_CONVERSION = YES;
				CLANG_WARN_COMMA = YES;
				CLANG_WARN_CONSTANT_CONVERSION = YES;
				CLANG_WARN_DEPRECATED_OBJC_IMPLEMENTATIONS = YES;
				CLANG_WARN_DIRECT_OBJC_ISA_USAGE = YES_ERROR;
				CLANG_WARN_DOCUMENTATION_COMMENTS = YES;
				CLANG_WARN_EMPTY_BODY = YES;
				CLANG_WARN_ENUM_CONVERSION = YES;
				CLANG_WARN_INFINITE_RECURSION = YES;
				CLANG_WARN_INT_CONVERSION = YES;
				CLANG_WARN_NON_LITERAL_NULL_CONVERSION = YES;
				CLANG_WARN_OBJC_IMPLICIT_RETAIN_SELF = YES;
				CLANG_WARN_OBJC_LITERAL_CONVERSION = YES;
				CLANG_WARN_OBJC_ROOT_CLASS = YES_ERROR;
				CLANG_WARN_QUOTED_INCLUDE_IN_FRAMEWORK_HEADER = YES;
				CLANG_WARN_RANGE_LOOP_ANALYSIS = YES;
				CLANG_WARN_STRICT_PROTOTYPES = YES;
				CLANG_WARN_SUSPICIOUS_MOVE = YES;
				CLANG_WARN_UNGUARDED_AVAILABILITY = YES_AGGRESSIVE;
				CLANG_WARN_UNREACHABLE_CODE = YES;
				CLANG_WARN__DUPLICATE_METHOD_MATCH = YES;
				COPY_PHASE_STRIP = NO;
				DEBUG_INFORMATION_FORMAT = "dwarf-with-dsym";
				ENABLE_NS_ASSERTIONS = NO;
				ENABLE_STRICT_OBJC_MSGSEND = YES;
				GCC_C_LANGUAGE_STANDARD = gnu11;
				GCC_NO_COMMON_BLOCKS = YES;
				GCC_WARN_64_TO_32_BIT_CONVERSION = YES;
				GCC_WARN_ABOUT_RETURN_TYPE = YES_ERROR;
				GCC_WARN_UNDECLARED_SELECTOR = YES;
				GCC_WARN_UNINITIALIZED_AUTOS = YES_AGGRESSIVE;
				GCC_WARN_UNUSED_FUNCTION = YES;
				GCC_WARN_UNUSED_VARIABLE = YES;
				IPHONEOS_DEPLOYMENT_TARGET = 16.2;
				MTL_ENABLE_DEBUG_INFO = NO;
				MTL_FAST_MATH = YES;
				SDKROOT = iphoneos;
				SWIFT_COMPILATION_MODE = wholemodule;
				SWIFT_OPTIMIZATION_LEVEL = "-O";
				VALIDATE_PRODUCT = YES;
			};
			name = Release;
		};
		06FFB95B29D72DDD00699302 /* Debug */ = {
			isa = XCBuildConfiguration;
			buildSettings = {
				ASSETCATALOG_COMPILER_APPICON_NAME = AppIcon;
				ASSETCATALOG_COMPILER_GLOBAL_ACCENT_COLOR_NAME = AccentColor;
				CODE_SIGN_STYLE = Automatic;
				CURRENT_PROJECT_VERSION = 1;
				DEVELOPMENT_TEAM = PD2C9D7H2A;
				GENERATE_INFOPLIST_FILE = YES;
				INFOPLIST_FILE = PhotoFeed/SupportingFiles/Info.plist;
				INFOPLIST_KEY_UIApplicationSupportsIndirectInputEvents = YES;
				INFOPLIST_KEY_UILaunchStoryboardName = LaunchScreen;
				INFOPLIST_KEY_UISupportedInterfaceOrientations_iPad = "UIInterfaceOrientationPortrait UIInterfaceOrientationPortraitUpsideDown UIInterfaceOrientationLandscapeLeft UIInterfaceOrientationLandscapeRight";
				INFOPLIST_KEY_UISupportedInterfaceOrientations_iPhone = "UIInterfaceOrientationPortrait UIInterfaceOrientationLandscapeLeft UIInterfaceOrientationLandscapeRight";
				LD_RUNPATH_SEARCH_PATHS = (
					"$(inherited)",
					"@executable_path/Frameworks",
				);
				MARKETING_VERSION = 1.0;
				PRODUCT_BUNDLE_IDENTIFIER = OneLab.PhotoFeed;
				PRODUCT_NAME = "$(TARGET_NAME)";
				SWIFT_EMIT_LOC_STRINGS = YES;
				SWIFT_VERSION = 5.0;
				TARGETED_DEVICE_FAMILY = "1,2";
			};
			name = Debug;
		};
		06FFB95C29D72DDD00699302 /* Release */ = {
			isa = XCBuildConfiguration;
			buildSettings = {
				ASSETCATALOG_COMPILER_APPICON_NAME = AppIcon;
				ASSETCATALOG_COMPILER_GLOBAL_ACCENT_COLOR_NAME = AccentColor;
				CODE_SIGN_STYLE = Automatic;
				CURRENT_PROJECT_VERSION = 1;
				DEVELOPMENT_TEAM = PD2C9D7H2A;
				GENERATE_INFOPLIST_FILE = YES;
				INFOPLIST_FILE = PhotoFeed/SupportingFiles/Info.plist;
				INFOPLIST_KEY_UIApplicationSupportsIndirectInputEvents = YES;
				INFOPLIST_KEY_UILaunchStoryboardName = LaunchScreen;
				INFOPLIST_KEY_UISupportedInterfaceOrientations_iPad = "UIInterfaceOrientationPortrait UIInterfaceOrientationPortraitUpsideDown UIInterfaceOrientationLandscapeLeft UIInterfaceOrientationLandscapeRight";
				INFOPLIST_KEY_UISupportedInterfaceOrientations_iPhone = "UIInterfaceOrientationPortrait UIInterfaceOrientationLandscapeLeft UIInterfaceOrientationLandscapeRight";
				LD_RUNPATH_SEARCH_PATHS = (
					"$(inherited)",
					"@executable_path/Frameworks",
				);
				MARKETING_VERSION = 1.0;
				PRODUCT_BUNDLE_IDENTIFIER = OneLab.PhotoFeed;
				PRODUCT_NAME = "$(TARGET_NAME)";
				SWIFT_EMIT_LOC_STRINGS = YES;
				SWIFT_VERSION = 5.0;
				TARGETED_DEVICE_FAMILY = "1,2";
			};
			name = Release;
		};
/* End XCBuildConfiguration section */

/* Begin XCConfigurationList section */
		06FFB94129D72DDB00699302 /* Build configuration list for PBXProject "PhotoFeed" */ = {
			isa = XCConfigurationList;
			buildConfigurations = (
				06FFB95829D72DDD00699302 /* Debug */,
				06FFB95929D72DDD00699302 /* Release */,
			);
			defaultConfigurationIsVisible = 0;
			defaultConfigurationName = Release;
		};
		06FFB95A29D72DDD00699302 /* Build configuration list for PBXNativeTarget "PhotoFeed" */ = {
			isa = XCConfigurationList;
			buildConfigurations = (
				06FFB95B29D72DDD00699302 /* Debug */,
				06FFB95C29D72DDD00699302 /* Release */,
			);
			defaultConfigurationIsVisible = 0;
			defaultConfigurationName = Release;
		};
/* End XCConfigurationList section */

/* Begin XCRemoteSwiftPackageReference section */
		06FFB95E29D735C000699302 /* XCRemoteSwiftPackageReference "SnapKit" */ = {
			isa = XCRemoteSwiftPackageReference;
			repositoryURL = "https://github.com/SnapKit/SnapKit.git";
			requirement = {
				branch = develop;
				kind = branch;
			};
		};
/* End XCRemoteSwiftPackageReference section */

/* Begin XCSwiftPackageProductDependency section */
		06FFB95F29D735C000699302 /* SnapKit */ = {
			isa = XCSwiftPackageProductDependency;
			package = 06FFB95E29D735C000699302 /* XCRemoteSwiftPackageReference "SnapKit" */;
			productName = SnapKit;
		};
/* End XCSwiftPackageProductDependency section */
	};
	rootObject = 06FFB93E29D72DDB00699302 /* Project object */;
}
